# THIS IS AN AUTOGENERATED FILE. DO NOT EDIT THIS FILE DIRECTLY.
# yarn lockfile v1


"@nestjs-query/core@0.30.0":
  version "0.30.0"
  resolved "https://registry.yarnpkg.com/@nestjs-query/core/-/core-0.30.0.tgz#2f86835a7b4d61e3a1c2f8b7ee7329a1041488ff"
  integrity sha512-q2ykkGmC220LYkud6AGy8udyXspPSTVKHxAMwXMO/AsKEZkyT/kTEJdRoBPJqIs20Tdx8azDbEk4UCpb0l4Buw==
  dependencies:
    lodash.merge "^4.6.2"
    reflect-metadata "^0.1.13"
    tslib "^2.1.0"

"@nestjs-query/query-graphql@^0.30.0":
  version "0.30.0"
  resolved "https://registry.yarnpkg.com/@nestjs-query/query-graphql/-/query-graphql-0.30.0.tgz#9d22f6cfb13b77f3b56a64f9d00480cc36908bbd"
  integrity sha512-nxy//6SOcsThr+1fE1wdfGm4SgiBzDWtxR1Uhbr7BefeEnqTqptbOn+W3wgayxg2bi89rcbCgn/gC7Mcum4BNw==
  dependencies:
    "@nestjs-query/core" "0.30.0"
    graphql-fields "^2.0.3"
    lodash.omit "^4.5.0"
    lower-case-first "^2.0.1"
    pluralize "^8.0.0"
    tslib "^2.1.0"
    upper-case-first "^2.0.1"

graphql-fields@^2.0.3:
  version "2.0.3"
  resolved "https://registry.yarnpkg.com/graphql-fields/-/graphql-fields-2.0.3.tgz#5e68dff7afbb202be4f4f40623e983b22c96ab8f"
  integrity sha512-x3VE5lUcR4XCOxPIqaO4CE+bTK8u6gVouOdpQX9+EKHr+scqtK5Pp/l8nIGqIpN1TUlkKE6jDCCycm/WtLRAwA==

lodash.merge@^4.6.2:
  version "4.6.2"
  resolved "https://registry.yarnpkg.com/lodash.merge/-/lodash.merge-4.6.2.tgz#558aa53b43b661e1925a0afdfa36a9a1085fe57a"
  integrity sha512-0KpjqXRVvrYyCsX1swR/XTK0va6VQkQM6MNo7PqW77ByjAhoARA8EfrP1N4+KlKj8YS0ZUCtRT/YUuhyYDujIQ==

lodash.omit@^4.5.0:
  version "4.5.0"
  resolved "https://registry.yarnpkg.com/lodash.omit/-/lodash.omit-4.5.0.tgz#6eb19ae5a1ee1dd9df0b969e66ce0b7fa30b5e60"
  integrity sha1-brGa5aHuHdnfC5aeZs4Lf6MLXmA=

lower-case-first@^2.0.1:
  version "2.0.2"
  resolved "https://registry.yarnpkg.com/lower-case-first/-/lower-case-first-2.0.2.tgz#64c2324a2250bf7c37c5901e76a5b5309301160b"
  integrity sha512-EVm/rR94FJTZi3zefZ82fLWab+GX14LJN4HrWBcuo6Evmsl9hEfnqxgcHCKb9q+mNf6EVdsjx/qucYFIIB84pg==
  dependencies:
    tslib "^2.0.3"

pluralize@^8.0.0:
  version "8.0.0"
  resolved "https://registry.yarnpkg.com/pluralize/-/pluralize-8.0.0.tgz#1a6fa16a38d12a1901e0320fa017051c539ce3b1"
  integrity sha512-Nc3IT5yHzflTfbjgqWcCPpo7DaKy4FnpB0l/zCAW0Tc7jxAiuqSxHasntB3D7887LSrA93kDJ9IXovxJYxyLCA==

reflect-metadata@^0.1.13:
  version "0.1.13"
  resolved "https://registry.yarnpkg.com/reflect-metadata/-/reflect-metadata-0.1.13.tgz#67ae3ca57c972a2aa1642b10fe363fe32d49dc08"
  integrity sha512-Ts1Y/anZELhSsjMcU605fU9RE4Oi3p5ORujwbIKXfWa+0Zxs510Qrmrce5/Jowq3cHSZSJqBjypxmHarc+vEWg==

tslib@^2.0.3, tslib@^2.1.0:
  version "2.3.1"
  resolved "https://registry.yarnpkg.com/tslib/-/tslib-2.3.1.tgz#e8a335add5ceae51aa261d32a490158ef042ef01"
  integrity sha512-77EbyPPpMz+FRFRuAFlWMtmgUWGe9UOG2Z25NqCwiIjRhOf5iKGuzSe5P2w1laq+FkRy4p+PCuVkJSGkzTEKVw==

upper-case-first@^2.0.1:
  version "2.0.2"
  resolved "https://registry.yarnpkg.com/upper-case-first/-/upper-case-first-2.0.2.tgz#992c3273f882abd19d1e02894cc147117f844324"
  integrity sha512-514ppYHBaKwfJRK/pNC6c/OxfGa0obSnAl106u97Ed0I625Nin96KAjttZF6ZL3e1XLtphxnqrOi9iWgm+u+bg==
  dependencies:
    tslib "^2.0.3"
